{
  "pins" : [
    {
      "identity" : "swift-collections",
      "kind" : "remoteSourceControl",
      "location" : "https://github.com/apple/swift-collections.git",
      "state" : {
        "revision" : "2d33a0ea89c961dcb2b3da2157963d9c0370347e",
        "version" : "1.0.1"
      }
    },
    {
      "identity" : "swiftlysearch",
      "kind" : "remoteSourceControl",
      "location" : "https://github.com/thislooksfun/SwiftlySearch",
      "state" : {
        "branch" : "master",
        "revision" : "2ce5dc30ee8fa12fe0dbb6e169825eb76e1c8fe2"
      }
    },
    {
      "identity" : "swiftui-shimmer",
      "kind" : "remoteSourceControl",
      "location" : "https://github.com/markiv/SwiftUI-Shimmer.git",
      "state" : {
        "revision" : "5b2e81191e77f66e6c6ca497f11a77fe48f7f0fc",
        "version" : "1.0.0"
      }
    },
    {
      "identity" : "swiftuicharts",
      "kind" : "remoteSourceControl",
      "location" : "https://github.com/zcjhnsn/SwiftUICharts.git",
      "state" : {
        "branch" : "zj/add-int-support",
        "revision" : "6a26f0466428cc1f6cc13c7c3347c93ffd804baa"
      }
    }
  ],
  "version" : 2
}
