{
  "object": {
    "pins": [
      {
        "package": "AttributedText",
        "repositoryURL": "https://github.com/gonzalezreal/AttributedText",
        "state": {
          "branch": null,
          "revision": "bf076de48dbb2172525486936d512e1bba062642",
          "version": "0.3.0"
        }
      },
      {
        "package": "BottomSheet",
        "repositoryURL": "https://github.com/LucasMucGH/BottomSheet",
        "state": {
          "branch": null,
          "revision": "953c9a53d05ed7b61ae50a476758a97b7291da0a",
          "version": "2.4.0"
        }
      },
      {
        "package": "combine-schedulers",
        "repositoryURL": "https://github.com/pointfreeco/combine-schedulers",
        "state": {
          "branch": null,
          "revision": "6dcc7c034d28fe7ac652453faeae07656f723909",
          "version": "0.5.1"
        }
      },
      {
        "package": "MarkdownUI",
        "repositoryURL": "https://github.com/gonzalezreal/MarkdownUI",
        "state": {
          "branch": null,
          "revision": "e8931e37dcf777b4c03ca76aa09c10cf246a2ced",
          "version": "0.5.1"
        }
      },
      {
        "package": "NetworkImage",
        "repositoryURL": "https://github.com/gonzalezreal/NetworkImage",
        "state": {
          "branch": null,
          "revision": "15582b821cb097012b41b83d6219717926ec4ed6",
          "version": "2.1.0"
        }
      },
      {
        "package": "cmark",
        "repositoryURL": "https://github.com/SwiftDocOrg/swift-cmark.git",
        "state": {
          "branch": null,
          "revision": "9c8096a23f44794bde297452d87c455fc4f76d42",
          "version": "0.29.0+20210102.9c8096a"
        }
      },
      {
        "package": "SwiftCommonMark",
        "repositoryURL": "https://github.com/gonzalezreal/SwiftCommonMark",
        "state": {
          "branch": null,
          "revision": "ed60da54305c244d0f77bc8d08495e04161e96a4",
          "version": "0.1.2"
        }
      },
      {
        "package": "SwiftUI-Shimmer",
        "repositoryURL": "https://github.com/markiv/SwiftUI-Shimmer.git",
        "state": {
          "branch": null,
          "revision": "5b2e81191e77f66e6c6ca497f11a77fe48f7f0fc",
          "version": "1.0.0"
        }
      },
      {
        "package": "SwiftUICharts",
        "repositoryURL": "https://github.com/zcjhnsn/SwiftUICharts.git",
        "state": {
          "branch": "zj/add-int-support",
          "revision": "65816b57fd122c136e5cb01b2dc8e5a81063163f",
          "version": null
        }
      },
      {
        "package": "xctest-dynamic-overlay",
        "repositoryURL": "https://github.com/pointfreeco/xctest-dynamic-overlay",
        "state": {
          "branch": null,
          "revision": "152390e9e78ebbf0d767ee52971d41e7f44f39bc",
          "version": "0.1.1"
        }
      }
    ]
  },
  "version": 1
}
