// !$*UTF8*$!
{
	archiveVersion = 1;
	classes = {
	};
	objectVersion = 50;
	objects = {

/* Begin PBXBuildFile section */
		078D006E20F888130069476E /* StandingsContentViewController.swift in Sources */ = {isa = PBXBuildFile; fileRef = 078D006D20F888130069476E /* StandingsContentViewController.swift */; };
		078D007020FE71A70069476E /* NewsContentViewController.swift in Sources */ = {isa = PBXBuildFile; fileRef = 078D006F20FE71A70069476E /* NewsContentViewController.swift */; };
		078D007420FE76B50069476E /* News.swift in Sources */ = {isa = PBXBuildFile; fileRef = 078D007320FE76B50069476E /* News.swift */; };
		078D007620FED6530069476E /* Match.swift in Sources */ = {isa = PBXBuildFile; fileRef = 078D007520FED6530069476E /* Match.swift */; };
		07A7332F213B17E10012EE31 /* Standing.swift in Sources */ = {isa = PBXBuildFile; fileRef = 07A7332E213B17E10012EE31 /* Standing.swift */; };
		07C5897421012F7800B0EE62 /* MatchesContentViewController.swift in Sources */ = {isa = PBXBuildFile; fileRef = 07C5897321012F7800B0EE62 /* MatchesContentViewController.swift */; };
		07E3C8C420E55A1C00F2A16A /* AppDelegate.swift in Sources */ = {isa = PBXBuildFile; fileRef = 07E3C8C320E55A1C00F2A16A /* AppDelegate.swift */; };
		07E3C8C620E55A1C00F2A16A /* TeamsViewController.swift in Sources */ = {isa = PBXBuildFile; fileRef = 07E3C8C520E55A1C00F2A16A /* TeamsViewController.swift */; };
		07E3C8C820E55A1C00F2A16A /* MatchesViewController.swift in Sources */ = {isa = PBXBuildFile; fileRef = 07E3C8C720E55A1C00F2A16A /* MatchesViewController.swift */; };
		07E3C8CB20E55A1C00F2A16A /* Main.storyboard in Resources */ = {isa = PBXBuildFile; fileRef = 07E3C8C920E55A1C00F2A16A /* Main.storyboard */; };
		07E3C8CD20E55A1F00F2A16A /* Assets.xcassets in Resources */ = {isa = PBXBuildFile; fileRef = 07E3C8CC20E55A1F00F2A16A /* Assets.xcassets */; };
		07E3C8D020E55A1F00F2A16A /* LaunchScreen.storyboard in Resources */ = {isa = PBXBuildFile; fileRef = 07E3C8CE20E55A1F00F2A16A /* LaunchScreen.storyboard */; };
		07E3C8DA20EDABE000F2A16A /* InfoViewController.swift in Sources */ = {isa = PBXBuildFile; fileRef = 07E3C8D920EDABE000F2A16A /* InfoViewController.swift */; };
		07E3C8DC20EDB2F700F2A16A /* TabBarViewController.swift in Sources */ = {isa = PBXBuildFile; fileRef = 07E3C8DB20EDB2F700F2A16A /* TabBarViewController.swift */; };
		07E3C8DE20EDF80200F2A16A /* StandingsViewController.swift in Sources */ = {isa = PBXBuildFile; fileRef = 07E3C8DD20EDF80200F2A16A /* StandingsViewController.swift */; };
		07E3C8E320EE82BF00F2A16A /* Team.swift in Sources */ = {isa = PBXBuildFile; fileRef = 07E3C8E220EE82BF00F2A16A /* Team.swift */; };
		07E3C90B20F40C7500F2A16A /* GoogleService-Info.plist in Resources */ = {isa = PBXBuildFile; fileRef = 07E3C90A20F40C7500F2A16A /* GoogleService-Info.plist */; };
		07E3C90D20F66CE500F2A16A /* TeamsContentViewController.swift in Sources */ = {isa = PBXBuildFile; fileRef = 07E3C90C20F66CE500F2A16A /* TeamsContentViewController.swift */; };
		B0989107184D5DC75F3F62D3 /* Pods_Boost_ctRL.framework in Frameworks */ = {isa = PBXBuildFile; fileRef = 3D0540C0DC5C8A9BD802BE84 /* Pods_Boost_ctRL.framework */; };
/* End PBXBuildFile section */

/* Begin PBXFileReference section */
		078D006D20F888130069476E /* StandingsContentViewController.swift */ = {isa = PBXFileReference; lastKnownFileType = sourcecode.swift; path = StandingsContentViewController.swift; sourceTree = "<group>"; };
		078D006F20FE71A70069476E /* NewsContentViewController.swift */ = {isa = PBXFileReference; lastKnownFileType = sourcecode.swift; path = NewsContentViewController.swift; sourceTree = "<group>"; };
		078D007320FE76B50069476E /* News.swift */ = {isa = PBXFileReference; lastKnownFileType = sourcecode.swift; path = News.swift; sourceTree = "<group>"; };
		078D007520FED6530069476E /* Match.swift */ = {isa = PBXFileReference; lastKnownFileType = sourcecode.swift; path = Match.swift; sourceTree = "<group>"; };
		07A7332E213B17E10012EE31 /* Standing.swift */ = {isa = PBXFileReference; lastKnownFileType = sourcecode.swift; path = Standing.swift; sourceTree = "<group>"; };
		07C5897321012F7800B0EE62 /* MatchesContentViewController.swift */ = {isa = PBXFileReference; lastKnownFileType = sourcecode.swift; path = MatchesContentViewController.swift; sourceTree = "<group>"; };
		07E3C8C020E55A1C00F2A16A /* Boost ctRL.app */ = {isa = PBXFileReference; explicitFileType = wrapper.application; includeInIndex = 0; path = "Boost ctRL.app"; sourceTree = BUILT_PRODUCTS_DIR; };
		07E3C8C320E55A1C00F2A16A /* AppDelegate.swift */ = {isa = PBXFileReference; lastKnownFileType = sourcecode.swift; path = AppDelegate.swift; sourceTree = "<group>"; };
		07E3C8C520E55A1C00F2A16A /* TeamsViewController.swift */ = {isa = PBXFileReference; lastKnownFileType = sourcecode.swift; path = TeamsViewController.swift; sourceTree = "<group>"; };
		07E3C8C720E55A1C00F2A16A /* MatchesViewController.swift */ = {isa = PBXFileReference; lastKnownFileType = sourcecode.swift; path = MatchesViewController.swift; sourceTree = "<group>"; };
		07E3C8CA20E55A1C00F2A16A /* Base */ = {isa = PBXFileReference; lastKnownFileType = file.storyboard; name = Base; path = Base.lproj/Main.storyboard; sourceTree = "<group>"; };
		07E3C8CC20E55A1F00F2A16A /* Assets.xcassets */ = {isa = PBXFileReference; lastKnownFileType = folder.assetcatalog; path = Assets.xcassets; sourceTree = "<group>"; };
		07E3C8CF20E55A1F00F2A16A /* Base */ = {isa = PBXFileReference; lastKnownFileType = file.storyboard; name = Base; path = Base.lproj/LaunchScreen.storyboard; sourceTree = "<group>"; };
		07E3C8D120E55A1F00F2A16A /* Info.plist */ = {isa = PBXFileReference; lastKnownFileType = text.plist.xml; path = Info.plist; sourceTree = "<group>"; };
		07E3C8D920EDABE000F2A16A /* InfoViewController.swift */ = {isa = PBXFileReference; lastKnownFileType = sourcecode.swift; path = InfoViewController.swift; sourceTree = "<group>"; };
		07E3C8DB20EDB2F700F2A16A /* TabBarViewController.swift */ = {isa = PBXFileReference; lastKnownFileType = sourcecode.swift; path = TabBarViewController.swift; sourceTree = "<group>"; };
		07E3C8DD20EDF80200F2A16A /* StandingsViewController.swift */ = {isa = PBXFileReference; lastKnownFileType = sourcecode.swift; path = StandingsViewController.swift; sourceTree = "<group>"; };
		07E3C8E220EE82BF00F2A16A /* Team.swift */ = {isa = PBXFileReference; lastKnownFileType = sourcecode.swift; path = Team.swift; sourceTree = "<group>"; };
		07E3C90A20F40C7500F2A16A /* GoogleService-Info.plist */ = {isa = PBXFileReference; fileEncoding = 4; lastKnownFileType = text.plist.xml; path = "GoogleService-Info.plist"; sourceTree = "<group>"; };
		07E3C90C20F66CE500F2A16A /* TeamsContentViewController.swift */ = {isa = PBXFileReference; lastKnownFileType = sourcecode.swift; path = TeamsContentViewController.swift; sourceTree = "<group>"; };
		3D0540C0DC5C8A9BD802BE84 /* Pods_Boost_ctRL.framework */ = {isa = PBXFileReference; explicitFileType = wrapper.framework; includeInIndex = 0; path = Pods_Boost_ctRL.framework; sourceTree = BUILT_PRODUCTS_DIR; };
		B87BFB3DADFD267394B00D1E /* Pods-Boost ctRL.debug.xcconfig */ = {isa = PBXFileReference; includeInIndex = 1; lastKnownFileType = text.xcconfig; name = "Pods-Boost ctRL.debug.xcconfig"; path = "Pods/Target Support Files/Pods-Boost ctRL/Pods-Boost ctRL.debug.xcconfig"; sourceTree = "<group>"; };
		CBE860C55C3F8B37AD2AB0FA /* Pods-Boost ctRL.release.xcconfig */ = {isa = PBXFileReference; includeInIndex = 1; lastKnownFileType = text.xcconfig; name = "Pods-Boost ctRL.release.xcconfig"; path = "Pods/Target Support Files/Pods-Boost ctRL/Pods-Boost ctRL.release.xcconfig"; sourceTree = "<group>"; };
/* End PBXFileReference section */

/* Begin PBXFrameworksBuildPhase section */
		07E3C8BD20E55A1C00F2A16A /* Frameworks */ = {
			isa = PBXFrameworksBuildPhase;
			buildActionMask = 2147483647;
			files = (
				B0989107184D5DC75F3F62D3 /* Pods_Boost_ctRL.framework in Frameworks */,
			);
			runOnlyForDeploymentPostprocessing = 0;
		};
/* End PBXFrameworksBuildPhase section */

/* Begin PBXGroup section */
		07E3C8B720E55A1C00F2A16A = {
			isa = PBXGroup;
			children = (
				07E3C8C220E55A1C00F2A16A /* Boost ctRL */,
				07E3C8C120E55A1C00F2A16A /* Products */,
				FF696F6D782E23B7BF3592C1 /* Pods */,
				1CFBE644F1950C960952EEBA /* Frameworks */,
			);
			sourceTree = "<group>";
		};
		07E3C8C120E55A1C00F2A16A /* Products */ = {
			isa = PBXGroup;
			children = (
				07E3C8C020E55A1C00F2A16A /* Boost ctRL.app */,
			);
			name = Products;
			sourceTree = "<group>";
		};
		07E3C8C220E55A1C00F2A16A /* Boost ctRL */ = {
			isa = PBXGroup;
			children = (
				07E3C8E120EE829600F2A16A /* Model */,
				07E3C8E020EE828800F2A16A /* Controller */,
				07E3C8DF20EE827A00F2A16A /* View */,
				07E3C8CC20E55A1F00F2A16A /* Assets.xcassets */,
				07E3C8D120E55A1F00F2A16A /* Info.plist */,
				07E3C90A20F40C7500F2A16A /* GoogleService-Info.plist */,
			);
			path = "Boost ctRL";
			sourceTree = "<group>";
		};
		07E3C8DF20EE827A00F2A16A /* View */ = {
			isa = PBXGroup;
			children = (
				07E3C8C920E55A1C00F2A16A /* Main.storyboard */,
				07E3C8CE20E55A1F00F2A16A /* LaunchScreen.storyboard */,
			);
			path = View;
			sourceTree = "<group>";
		};
		07E3C8E020EE828800F2A16A /* Controller */ = {
			isa = PBXGroup;
			children = (
				07E3C8C320E55A1C00F2A16A /* AppDelegate.swift */,
				07E3C8D920EDABE000F2A16A /* InfoViewController.swift */,
				07E3C8C720E55A1C00F2A16A /* MatchesViewController.swift */,
				07C5897321012F7800B0EE62 /* MatchesContentViewController.swift */,
				078D006F20FE71A70069476E /* NewsContentViewController.swift */,
				07E3C8DD20EDF80200F2A16A /* StandingsViewController.swift */,
				078D006D20F888130069476E /* StandingsContentViewController.swift */,
				07E3C8C520E55A1C00F2A16A /* TeamsViewController.swift */,
				07E3C90C20F66CE500F2A16A /* TeamsContentViewController.swift */,
				07E3C8DB20EDB2F700F2A16A /* TabBarViewController.swift */,
			);
			path = Controller;
			sourceTree = "<group>";
		};
		07E3C8E120EE829600F2A16A /* Model */ = {
			isa = PBXGroup;
			children = (
				07E3C8E220EE82BF00F2A16A /* Team.swift */,
				078D007320FE76B50069476E /* News.swift */,
				078D007520FED6530069476E /* Match.swift */,
				07A7332E213B17E10012EE31 /* Standing.swift */,
			);
			path = Model;
			sourceTree = "<group>";
		};
		1CFBE644F1950C960952EEBA /* Frameworks */ = {
			isa = PBXGroup;
			children = (
				3D0540C0DC5C8A9BD802BE84 /* Pods_Boost_ctRL.framework */,
			);
			name = Frameworks;
			sourceTree = "<group>";
		};
		FF696F6D782E23B7BF3592C1 /* Pods */ = {
			isa = PBXGroup;
			children = (
				B87BFB3DADFD267394B00D1E /* Pods-Boost ctRL.debug.xcconfig */,
				CBE860C55C3F8B37AD2AB0FA /* Pods-Boost ctRL.release.xcconfig */,
			);
			name = Pods;
			sourceTree = "<group>";
		};
/* End PBXGroup section */

/* Begin PBXNativeTarget section */
		07E3C8BF20E55A1C00F2A16A /* Boost ctRL */ = {
			isa = PBXNativeTarget;
			buildConfigurationList = 07E3C8D420E55A1F00F2A16A /* Build configuration list for PBXNativeTarget "Boost ctRL" */;
			buildPhases = (
				6BFC32C5D339297EF709AF3E /* [CP] Check Pods Manifest.lock */,
				07E3C8BC20E55A1C00F2A16A /* Sources */,
				07E3C8BD20E55A1C00F2A16A /* Frameworks */,
				07E3C8BE20E55A1C00F2A16A /* Resources */,
				4CECAB37A7926463D690CD53 /* [CP] Embed Pods Frameworks */,
			);
			buildRules = (
			);
			dependencies = (
			);
			name = "Boost ctRL";
			productName = test;
			productReference = 07E3C8C020E55A1C00F2A16A /* Boost ctRL.app */;
			productType = "com.apple.product-type.application";
		};
/* End PBXNativeTarget section */

/* Begin PBXProject section */
		07E3C8B820E55A1C00F2A16A /* Project object */ = {
			isa = PBXProject;
			attributes = {
				LastSwiftUpdateCheck = 0940;
				LastUpgradeCheck = 0940;
				ORGANIZATIONNAME = "Zac Johnson";
				TargetAttributes = {
					07E3C8BF20E55A1C00F2A16A = {
						CreatedOnToolsVersion = 9.4.1;
					};
				};
			};
			buildConfigurationList = 07E3C8BB20E55A1C00F2A16A /* Build configuration list for PBXProject "Boost ctRL" */;
			compatibilityVersion = "Xcode 9.3";
			developmentRegion = en;
			hasScannedForEncodings = 0;
			knownRegions = (
				en,
				Base,
			);
			mainGroup = 07E3C8B720E55A1C00F2A16A;
			productRefGroup = 07E3C8C120E55A1C00F2A16A /* Products */;
			projectDirPath = "";
			projectRoot = "";
			targets = (
				07E3C8BF20E55A1C00F2A16A /* Boost ctRL */,
			);
		};
/* End PBXProject section */

/* Begin PBXResourcesBuildPhase section */
		07E3C8BE20E55A1C00F2A16A /* Resources */ = {
			isa = PBXResourcesBuildPhase;
			buildActionMask = 2147483647;
			files = (
				07E3C8D020E55A1F00F2A16A /* LaunchScreen.storyboard in Resources */,
				07E3C8CD20E55A1F00F2A16A /* Assets.xcassets in Resources */,
				07E3C90B20F40C7500F2A16A /* GoogleService-Info.plist in Resources */,
				07E3C8CB20E55A1C00F2A16A /* Main.storyboard in Resources */,
			);
			runOnlyForDeploymentPostprocessing = 0;
		};
/* End PBXResourcesBuildPhase section */

/* Begin PBXShellScriptBuildPhase section */
		4CECAB37A7926463D690CD53 /* [CP] Embed Pods Frameworks */ = {
			isa = PBXShellScriptBuildPhase;
			buildActionMask = 2147483647;
			files = (
			);
			inputPaths = (
				"${SRCROOT}/Pods/Target Support Files/Pods-Boost ctRL/Pods-Boost ctRL-frameworks.sh",
				"${BUILT_PRODUCTS_DIR}/ACTabScrollView/ACTabScrollView.framework",
				"${BUILT_PRODUCTS_DIR}/Alamofire/Alamofire.framework",
				"${BUILT_PRODUCTS_DIR}/EVReflection/EVReflection.framework",
				"${BUILT_PRODUCTS_DIR}/GoogleToolboxForMac/GoogleToolboxForMac.framework",
				"${BUILT_PRODUCTS_DIR}/SwiftyJSON/SwiftyJSON.framework",
				"${BUILT_PRODUCTS_DIR}/leveldb-library/leveldb.framework",
				"${BUILT_PRODUCTS_DIR}/nanopb/nanopb.framework",
			);
			name = "[CP] Embed Pods Frameworks";
			outputPaths = (
				"${TARGET_BUILD_DIR}/${FRAMEWORKS_FOLDER_PATH}/ACTabScrollView.framework",
				"${TARGET_BUILD_DIR}/${FRAMEWORKS_FOLDER_PATH}/Alamofire.framework",
				"${TARGET_BUILD_DIR}/${FRAMEWORKS_FOLDER_PATH}/EVReflection.framework",
				"${TARGET_BUILD_DIR}/${FRAMEWORKS_FOLDER_PATH}/GoogleToolboxForMac.framework",
				"${TARGET_BUILD_DIR}/${FRAMEWORKS_FOLDER_PATH}/SwiftyJSON.framework",
				"${TARGET_BUILD_DIR}/${FRAMEWORKS_FOLDER_PATH}/leveldb.framework",
				"${TARGET_BUILD_DIR}/${FRAMEWORKS_FOLDER_PATH}/nanopb.framework",
			);
			runOnlyForDeploymentPostprocessing = 0;
			shellPath = /bin/sh;
			shellScript = "\"${SRCROOT}/Pods/Target Support Files/Pods-Boost ctRL/Pods-Boost ctRL-frameworks.sh\"\n";
			showEnvVarsInLog = 0;
		};
		6BFC32C5D339297EF709AF3E /* [CP] Check Pods Manifest.lock */ = {
			isa = PBXShellScriptBuildPhase;
			buildActionMask = 2147483647;
			files = (
			);
			inputPaths = (
				"${PODS_PODFILE_DIR_PATH}/Podfile.lock",
				"${PODS_ROOT}/Manifest.lock",
			);
			name = "[CP] Check Pods Manifest.lock";
			outputPaths = (
				"$(DERIVED_FILE_DIR)/Pods-Boost ctRL-checkManifestLockResult.txt",
			);
			runOnlyForDeploymentPostprocessing = 0;
			shellPath = /bin/sh;
			shellScript = "diff \"${PODS_PODFILE_DIR_PATH}/Podfile.lock\" \"${PODS_ROOT}/Manifest.lock\" > /dev/null\nif [ $? != 0 ] ; then\n    # print error to STDERR\n    echo \"error: The sandbox is not in sync with the Podfile.lock. Run 'pod install' or update your CocoaPods installation.\" >&2\n    exit 1\nfi\n# This output is used by Xcode 'outputs' to avoid re-running this script phase.\necho \"SUCCESS\" > \"${SCRIPT_OUTPUT_FILE_0}\"\n";
			showEnvVarsInLog = 0;
		};
/* End PBXShellScriptBuildPhase section */

/* Begin PBXSourcesBuildPhase section */
		07E3C8BC20E55A1C00F2A16A /* Sources */ = {
			isa = PBXSourcesBuildPhase;
			buildActionMask = 2147483647;
			files = (
				078D006E20F888130069476E /* StandingsContentViewController.swift in Sources */,
				07E3C8C820E55A1C00F2A16A /* MatchesViewController.swift in Sources */,
				07E3C8C420E55A1C00F2A16A /* AppDelegate.swift in Sources */,
				07E3C8C620E55A1C00F2A16A /* TeamsViewController.swift in Sources */,
				078D007020FE71A70069476E /* NewsContentViewController.swift in Sources */,
				07A7332F213B17E10012EE31 /* Standing.swift in Sources */,
				078D007420FE76B50069476E /* News.swift in Sources */,
				07E3C90D20F66CE500F2A16A /* TeamsContentViewController.swift in Sources */,
				07E3C8E320EE82BF00F2A16A /* Team.swift in Sources */,
				07E3C8DE20EDF80200F2A16A /* StandingsViewController.swift in Sources */,
				07C5897421012F7800B0EE62 /* MatchesContentViewController.swift in Sources */,
				07E3C8DC20EDB2F700F2A16A /* TabBarViewController.swift in Sources */,
				07E3C8DA20EDABE000F2A16A /* InfoViewController.swift in Sources */,
				078D007620FED6530069476E /* Match.swift in Sources */,
			);
			runOnlyForDeploymentPostprocessing = 0;
		};
/* End PBXSourcesBuildPhase section */

/* Begin PBXVariantGroup section */
		07E3C8C920E55A1C00F2A16A /* Main.storyboard */ = {
			isa = PBXVariantGroup;
			children = (
				07E3C8CA20E55A1C00F2A16A /* Base */,
			);
			name = Main.storyboard;
			sourceTree = "<group>";
		};
		07E3C8CE20E55A1F00F2A16A /* LaunchScreen.storyboard */ = {
			isa = PBXVariantGroup;
			children = (
				07E3C8CF20E55A1F00F2A16A /* Base */,
			);
			name = LaunchScreen.storyboard;
			sourceTree = "<group>";
		};
/* End PBXVariantGroup section */

/* Begin XCBuildConfiguration section */
		07E3C8D220E55A1F00F2A16A /* Debug */ = {
			isa = XCBuildConfiguration;
			buildSettings = {
				ALWAYS_SEARCH_USER_PATHS = NO;
				CLANG_ANALYZER_NONNULL = YES;
				CLANG_ANALYZER_NUMBER_OBJECT_CONVERSION = YES_AGGRESSIVE;
				CLANG_CXX_LANGUAGE_STANDARD = "gnu++14";
				CLANG_CXX_LIBRARY = "libc++";
				CLANG_ENABLE_MODULES = YES;
				CLANG_ENABLE_OBJC_ARC = YES;
				CLANG_ENABLE_OBJC_WEAK = YES;
				CLANG_WARN_BLOCK_CAPTURE_AUTORELEASING = YES;
				CLANG_WARN_BOOL_CONVERSION = YES;
				CLANG_WARN_COMMA = YES;
				CLANG_WARN_CONSTANT_CONVERSION = YES;
				CLANG_WARN_DEPRECATED_OBJC_IMPLEMENTATIONS = YES;
				CLANG_WARN_DIRECT_OBJC_ISA_USAGE = YES_ERROR;
				CLANG_WARN_DOCUMENTATION_COMMENTS = YES;
				CLANG_WARN_EMPTY_BODY = YES;
				CLANG_WARN_ENUM_CONVERSION = YES;
				CLANG_WARN_INFINITE_RECURSION = YES;
				CLANG_WARN_INT_CONVERSION = YES;
				CLANG_WARN_NON_LITERAL_NULL_CONVERSION = YES;
				CLANG_WARN_OBJC_IMPLICIT_RETAIN_SELF = YES;
				CLANG_WARN_OBJC_LITERAL_CONVERSION = YES;
				CLANG_WARN_OBJC_ROOT_CLASS = YES_ERROR;
				CLANG_WARN_RANGE_LOOP_ANALYSIS = YES;
				CLANG_WARN_STRICT_PROTOTYPES = YES;
				CLANG_WARN_SUSPICIOUS_MOVE = YES;
				CLANG_WARN_UNGUARDED_AVAILABILITY = YES_AGGRESSIVE;
				CLANG_WARN_UNREACHABLE_CODE = YES;
				CLANG_WARN__DUPLICATE_METHOD_MATCH = YES;
				CODE_SIGN_IDENTITY = "iPhone Developer";
				COPY_PHASE_STRIP = NO;
				DEBUG_INFORMATION_FORMAT = dwarf;
				ENABLE_STRICT_OBJC_MSGSEND = YES;
				ENABLE_TESTABILITY = YES;
				GCC_C_LANGUAGE_STANDARD = gnu11;
				GCC_DYNAMIC_NO_PIC = NO;
				GCC_NO_COMMON_BLOCKS = YES;
				GCC_OPTIMIZATION_LEVEL = 0;
				GCC_PREPROCESSOR_DEFINITIONS = (
					"DEBUG=1",
					"$(inherited)",
				);
				GCC_WARN_64_TO_32_BIT_CONVERSION = YES;
				GCC_WARN_ABOUT_RETURN_TYPE = YES_ERROR;
				GCC_WARN_UNDECLARED_SELECTOR = YES;
				GCC_WARN_UNINITIALIZED_AUTOS = YES_AGGRESSIVE;
				GCC_WARN_UNUSED_FUNCTION = YES;
				GCC_WARN_UNUSED_VARIABLE = YES;
				IPHONEOS_DEPLOYMENT_TARGET = 11.4;
				MTL_ENABLE_DEBUG_INFO = YES;
				ONLY_ACTIVE_ARCH = YES;
				SDKROOT = iphoneos;
				SWIFT_ACTIVE_COMPILATION_CONDITIONS = DEBUG;
				SWIFT_OPTIMIZATION_LEVEL = "-Onone";
			};
			name = Debug;
		};
		07E3C8D320E55A1F00F2A16A /* Release */ = {
			isa = XCBuildConfiguration;
			buildSettings = {
				ALWAYS_SEARCH_USER_PATHS = NO;
				CLANG_ANALYZER_NONNULL = YES;
				CLANG_ANALYZER_NUMBER_OBJECT_CONVERSION = YES_AGGRESSIVE;
				CLANG_CXX_LANGUAGE_STANDARD = "gnu++14";
				CLANG_CXX_LIBRARY = "libc++";
				CLANG_ENABLE_MODULES = YES;
				CLANG_ENABLE_OBJC_ARC = YES;
				CLANG_ENABLE_OBJC_WEAK = YES;
				CLANG_WARN_BLOCK_CAPTURE_AUTORELEASING = YES;
				CLANG_WARN_BOOL_CONVERSION = YES;
				CLANG_WARN_COMMA = YES;
				CLANG_WARN_CONSTANT_CONVERSION = YES;
				CLANG_WARN_DEPRECATED_OBJC_IMPLEMENTATIONS = YES;
				CLANG_WARN_DIRECT_OBJC_ISA_USAGE = YES_ERROR;
				CLANG_WARN_DOCUMENTATION_COMMENTS = YES;
				CLANG_WARN_EMPTY_BODY = YES;
				CLANG_WARN_ENUM_CONVERSION = YES;
				CLANG_WARN_INFINITE_RECURSION = YES;
				CLANG_WARN_INT_CONVERSION = YES;
				CLANG_WARN_NON_LITERAL_NULL_CONVERSION = YES;
				CLANG_WARN_OBJC_IMPLICIT_RETAIN_SELF = YES;
				CLANG_WARN_OBJC_LITERAL_CONVERSION = YES;
				CLANG_WARN_OBJC_ROOT_CLASS = YES_ERROR;
				CLANG_WARN_RANGE_LOOP_ANALYSIS = YES;
				CLANG_WARN_STRICT_PROTOTYPES = YES;
				CLANG_WARN_SUSPICIOUS_MOVE = YES;
				CLANG_WARN_UNGUARDED_AVAILABILITY = YES_AGGRESSIVE;
				CLANG_WARN_UNREACHABLE_CODE = YES;
				CLANG_WARN__DUPLICATE_METHOD_MATCH = YES;
				CODE_SIGN_IDENTITY = "iPhone Developer";
				COPY_PHASE_STRIP = NO;
				DEBUG_INFORMATION_FORMAT = "dwarf-with-dsym";
				ENABLE_NS_ASSERTIONS = NO;
				ENABLE_STRICT_OBJC_MSGSEND = YES;
				GCC_C_LANGUAGE_STANDARD = gnu11;
				GCC_NO_COMMON_BLOCKS = YES;
				GCC_WARN_64_TO_32_BIT_CONVERSION = YES;
				GCC_WARN_ABOUT_RETURN_TYPE = YES_ERROR;
				GCC_WARN_UNDECLARED_SELECTOR = YES;
				GCC_WARN_UNINITIALIZED_AUTOS = YES_AGGRESSIVE;
				GCC_WARN_UNUSED_FUNCTION = YES;
				GCC_WARN_UNUSED_VARIABLE = YES;
				IPHONEOS_DEPLOYMENT_TARGET = 11.4;
				MTL_ENABLE_DEBUG_INFO = NO;
				SDKROOT = iphoneos;
				SWIFT_COMPILATION_MODE = wholemodule;
				SWIFT_OPTIMIZATION_LEVEL = "-O";
				VALIDATE_PRODUCT = YES;
			};
			name = Release;
		};
		07E3C8D520E55A1F00F2A16A /* Debug */ = {
			isa = XCBuildConfiguration;
			baseConfigurationReference = B87BFB3DADFD267394B00D1E /* Pods-Boost ctRL.debug.xcconfig */;
			buildSettings = {
				ASSETCATALOG_COMPILER_APPICON_NAME = AppIcon;
				CODE_SIGN_STYLE = Automatic;
				DEVELOPMENT_TEAM = V95KUS67FZ;
				INFOPLIST_FILE = "$(SRCROOT)/Boost ctRL/Info.plist";
				LD_RUNPATH_SEARCH_PATHS = (
					"$(inherited)",
					"@executable_path/Frameworks",
				);
				PRODUCT_BUNDLE_IDENTIFIER = "com.zacjohnson.Boost-ctRL";
				PRODUCT_NAME = "$(TARGET_NAME)";
				SWIFT_VERSION = 4.0;
				TARGETED_DEVICE_FAMILY = "1,2";
			};
			name = Debug;
		};
		07E3C8D620E55A1F00F2A16A /* Release */ = {
			isa = XCBuildConfiguration;
			baseConfigurationReference = CBE860C55C3F8B37AD2AB0FA /* Pods-Boost ctRL.release.xcconfig */;
			buildSettings = {
				ASSETCATALOG_COMPILER_APPICON_NAME = AppIcon;
				CODE_SIGN_STYLE = Automatic;
				DEVELOPMENT_TEAM = V95KUS67FZ;
				INFOPLIST_FILE = "$(SRCROOT)/Boost ctRL/Info.plist";
				LD_RUNPATH_SEARCH_PATHS = (
					"$(inherited)",
					"@executable_path/Frameworks",
				);
				PRODUCT_BUNDLE_IDENTIFIER = "com.zacjohnson.Boost-ctRL";
				PRODUCT_NAME = "$(TARGET_NAME)";
				SWIFT_VERSION = 4.0;
				TARGETED_DEVICE_FAMILY = "1,2";
			};
			name = Release;
		};
/* End XCBuildConfiguration section */

/* Begin XCConfigurationList section */
		07E3C8BB20E55A1C00F2A16A /* Build configuration list for PBXProject "Boost ctRL" */ = {
			isa = XCConfigurationList;
			buildConfigurations = (
				07E3C8D220E55A1F00F2A16A /* Debug */,
				07E3C8D320E55A1F00F2A16A /* Release */,
			);
			defaultConfigurationIsVisible = 0;
			defaultConfigurationName = Release;
		};
		07E3C8D420E55A1F00F2A16A /* Build configuration list for PBXNativeTarget "Boost ctRL" */ = {
			isa = XCConfigurationList;
			buildConfigurations = (
				07E3C8D520E55A1F00F2A16A /* Debug */,
				07E3C8D620E55A1F00F2A16A /* Release */,
			);
			defaultConfigurationIsVisible = 0;
			defaultConfigurationName = Release;
		};
/* End XCConfigurationList section */
	};
	rootObject = 07E3C8B820E55A1C00F2A16A /* Project object */;
}
